
Microsoft Visual Studio Solution File, Format Version 12.00
# Visual Studio Version 17
VisualStudioVersion = 17.11.35303.130
MinimumVisualStudioVersion = 10.0.40219.1
Project("{9A19103F-16F7-4668-BE54-9A1E7A4F7556}") = "BookSystem", "BookSystem\BookSystem.csproj", "{AA32433E-C58E-4E8E-9211-4B7F5FE51DAF}"
EndProject
Project("{FAE04EC0-301F-11D3-BF4B-00C04F79EFBC}") = "TestProject1", "TestProject1\TestProject1.csproj", "{AA10DA15-568C-4171-B99D-74654FFAD6D5}"
EndProject
Global
	GlobalSection(SolutionConfigurationPlatforms) = preSolution
		Debug|Any CPU = Debug|Any CPU
		Release|Any CPU = Release|Any CPU
	EndGlobalSection
	GlobalSection(ProjectConfigurationPlatforms) = postSolution
		{AA32433E-C58E-4E8E-9211-4B7F5FE51DAF}.Debug|Any CPU.ActiveCfg = Debug|Any CPU
		{AA32433E-C58E-4E8E-9211-4B7F5FE51DAF}.Debug|Any CPU.Build.0 = Debug|Any CPU
		{AA32433E-C58E-4E8E-9211-4B7F5FE51DAF}.Release|Any CPU.ActiveCfg = Release|Any CPU
		{AA32433E-C58E-4E8E-9211-4B7F5FE51DAF}.Release|Any CPU.Build.0 = Release|Any CPU
		{AA10DA15-568C-4171-B99D-74654FFAD6D5}.Debug|Any CPU.ActiveCfg = Debug|Any CPU
		{AA10DA15-568C-4171-B99D-74654FFAD6D5}.Debug|Any CPU.Build.0 = Debug|Any CPU
		{AA10DA15-568C-4171-B99D-74654FFAD6D5}.Release|Any CPU.ActiveCfg = Release|Any CPU
		{AA10DA15-568C-4171-B99D-74654FFAD6D5}.Release|Any CPU.Build.0 = Release|Any CPU
	EndGlobalSection
	GlobalSection(SolutionProperties) = preSolution
		HideSolutionNode = FALSE
	EndGlobalSection
	GlobalSection(ExtensibilityGlobals) = postSolution
		SolutionGuid = {24C68BEF-8BD5-42E7-9162-67F7416D3EBA}
	EndGlobalSection
EndGlobal
